
Microsoft Visual Studio Solution File, Format Version 12.00
# Visual Studio Version 17
VisualStudioVersion = 17.3.32922.545
MinimumVisualStudioVersion = 10.0.40219.1
Project("{FAE04EC0-301F-11D3-BF4B-00C04F79EFBC}") = "AvaloniaApplication1", "AvaloniaApplication1.csproj", "{BE69EC05-9090-45C9-95B5-F6B6E0D56E27}"
EndProject
Global
	GlobalSection(SolutionConfigurationPlatforms) = preSolution
		Debug|Any CPU = Debug|Any CPU
		Release|Any CPU = Release|Any CPU
	EndGlobalSection
	GlobalSection(ProjectConfigurationPlatforms) = postSolution
		{BE69EC05-9090-45C9-95B5-F6B6E0D56E27}.Debug|Any CPU.ActiveCfg = Debug|Any CPU
		{BE69EC05-9090-45C9-95B5-F6B6E0D56E27}.Debug|Any CPU.Build.0 = Debug|Any CPU
		{BE69EC05-9090-45C9-95B5-F6B6E0D56E27}.Release|Any CPU.ActiveCfg = Release|Any CPU
		{BE69EC05-9090-45C9-95B5-F6B6E0D56E27}.Release|Any CPU.Build.0 = Release|Any CPU
	EndGlobalSection
	GlobalSection(SolutionProperties) = preSolution
		HideSolutionNode = FALSE
	EndGlobalSection
	GlobalSection(ExtensibilityGlobals) = postSolution
		SolutionGuid = {33A3F939-B9B8-482B-8058-798819B2ADD5}
	EndGlobalSection
EndGlobal
